// !$*UTF8*$!
{
	archiveVersion = 1;
	classes = {
	};
	objectVersion = 77;
	objects = {

/* Begin PBXBuildFile section */
		060EA0012EB5C32B0058935C /* FirebaseAnalytics in Frameworks */ = {isa = PBXBuildFile; productRef = 060EA0002EB5C32B0058935C /* FirebaseAnalytics */; };
		060EA0032EB5C32B0058935C /* FirebaseAuth in Frameworks */ = {isa = PBXBuildFile; productRef = 060EA0022EB5C32B0058935C /* FirebaseAuth */; };
		060EA0052EB5C32B0058935C /* FirebaseCore in Frameworks */ = {isa = PBXBuildFile; productRef = 060EA0042EB5C32B0058935C /* FirebaseCore */; };
		060EA0072EB5C32B0058935C /* FirebaseDatabase in Frameworks */ = {isa = PBXBuildFile; productRef = 060EA0062EB5C32B0058935C /* FirebaseDatabase */; };
		060EA0092EB5C32B0058935C /* FirebaseFirestore in Frameworks */ = {isa = PBXBuildFile; productRef = 060EA0082EB5C32B0058935C /* FirebaseFirestore */; };
		060EA00B2EB5C32B0058935C /* FirebaseMessaging in Frameworks */ = {isa = PBXBuildFile; productRef = 060EA00A2EB5C32B0058935C /* FirebaseMessaging */; };
/* End PBXBuildFile section */

/* Begin PBXContainerItemProxy section */
		EA788F582EB2DA120005E1E3 /* PBXContainerItemProxy */ = {
			isa = PBXContainerItemProxy;
			containerPortal = EA788F422EB2DA110005E1E3 /* Project object */;
			proxyType = 1;
			remoteGlobalIDString = EA788F492EB2DA110005E1E3;
			remoteInfo = Chorely;
		};
		EA788F622EB2DA120005E1E3 /* PBXContainerItemProxy */ = {
			isa = PBXContainerItemProxy;
			containerPortal = EA788F422EB2DA110005E1E3 /* Project object */;
			proxyType = 1;
			remoteGlobalIDString = EA788F492EB2DA110005E1E3;
			remoteInfo = Chorely;
		};
/* End PBXContainerItemProxy section */

/* Begin PBXFileReference section */
		EA788F4A2EB2DA110005E1E3 /* Chorely.app */ = {isa = PBXFileReference; explicitFileType = wrapper.application; includeInIndex = 0; path = Chorely.app; sourceTree = BUILT_PRODUCTS_DIR; };
		EA788F572EB2DA120005E1E3 /* ChorelyTests.xctest */ = {isa = PBXFileReference; explicitFileType = wrapper.cfbundle; includeInIndex = 0; path = ChorelyTests.xctest; sourceTree = BUILT_PRODUCTS_DIR; };
		EA788F612EB2DA120005E1E3 /* ChorelyUITests.xctest */ = {isa = PBXFileReference; explicitFileType = wrapper.cfbundle; includeInIndex = 0; path = ChorelyUITests.xctest; sourceTree = BUILT_PRODUCTS_DIR; };
/* End PBXFileReference section */

/* Begin PBXFileSystemSynchronizedBuildFileExceptionSet section */
		060E9FFD2EB5C27C0058935C /* Exceptions for "Chorely" folder in "ChorelyTests" target */ = {
			isa = PBXFileSystemSynchronizedBuildFileExceptionSet;
			membershipExceptions = (
				"GoogleService-Info.plist",
			);
			target = EA788F562EB2DA120005E1E3 /* ChorelyTests */;
		};
		060E9FFE2EB5C27C0058935C /* Exceptions for "Chorely" folder in "ChorelyUITests" target */ = {
			isa = PBXFileSystemSynchronizedBuildFileExceptionSet;
			membershipExceptions = (
				"GoogleService-Info.plist",
			);
			target = EA788F602EB2DA120005E1E3 /* ChorelyUITests */;
		};
/* End PBXFileSystemSynchronizedBuildFileExceptionSet section */

/* Begin PBXFileSystemSynchronizedRootGroup section */
		EA788F4C2EB2DA110005E1E3 /* Chorely */ = {
			isa = PBXFileSystemSynchronizedRootGroup;
			exceptions = (
				060E9FFD2EB5C27C0058935C /* Exceptions for "Chorely" folder in "ChorelyTests" target */,
				060E9FFE2EB5C27C0058935C /* Exceptions for "Chorely" folder in "ChorelyUITests" target */,
			);
			path = Chorely;
			sourceTree = "<group>";
		};
		EA788F5A2EB2DA120005E1E3 /* ChorelyTests */ = {
			isa = PBXFileSystemSynchronizedRootGroup;
			path = ChorelyTests;
			sourceTree = "<group>";
		};
		EA788F642EB2DA120005E1E3 /* ChorelyUITests */ = {
			isa = PBXFileSystemSynchronizedRootGroup;
			path = ChorelyUITests;
			sourceTree = "<group>";
		};
/* End PBXFileSystemSynchronizedRootGroup section */

/* Begin PBXFrameworksBuildPhase section */
		EA788F472EB2DA110005E1E3 /* Frameworks */ = {
			isa = PBXFrameworksBuildPhase;
			buildActionMask = 2147483647;
			files = (
				060EA00B2EB5C32B0058935C /* FirebaseMessaging in Frameworks */,
				060EA0012EB5C32B0058935C /* FirebaseAnalytics in Frameworks */,
				060EA0052EB5C32B0058935C /* FirebaseCore in Frameworks */,
				060EA0072EB5C32B0058935C /* FirebaseDatabase in Frameworks */,
				060EA0092EB5C32B0058935C /* FirebaseFirestore in Frameworks */,
				060EA0032EB5C32B0058935C /* FirebaseAuth in Frameworks */,
			);
			runOnlyForDeploymentPostprocessing = 0;
		};
		EA788F542EB2DA120005E1E3 /* Frameworks */ = {
			isa = PBXFrameworksBuildPhase;
			buildActionMask = 2147483647;
			files = (
			);
			runOnlyForDeploymentPostprocessing = 0;
		};
		EA788F5E2EB2DA120005E1E3 /* Frameworks */ = {
			isa = PBXFrameworksBuildPhase;
			buildActionMask = 2147483647;
			files = (
			);
			runOnlyForDeploymentPostprocessing = 0;
		};
/* End PBXFrameworksBuildPhase section */

/* Begin PBXGroup section */
		EA788F412EB2DA110005E1E3 = {
			isa = PBXGroup;
			children = (
				EA788F4C2EB2DA110005E1E3 /* Chorely */,
				EA788F5A2EB2DA120005E1E3 /* ChorelyTests */,
				EA788F642EB2DA120005E1E3 /* ChorelyUITests */,
				EA788F4B2EB2DA110005E1E3 /* Products */,
			);
			sourceTree = "<group>";
		};
		EA788F4B2EB2DA110005E1E3 /* Products */ = {
			isa = PBXGroup;
			children = (
				EA788F4A2EB2DA110005E1E3 /* Chorely.app */,
				EA788F572EB2DA120005E1E3 /* ChorelyTests.xctest */,
				EA788F612EB2DA120005E1E3 /* ChorelyUITests.xctest */,
			);
			name = Products;
			sourceTree = "<group>";
		};
/* End PBXGroup section */

/* Begin PBXNativeTarget section */
		EA788F492EB2DA110005E1E3 /* Chorely */ = {
			isa = PBXNativeTarget;
			buildConfigurationList = EA788F6B2EB2DA120005E1E3 /* Build configuration list for PBXNativeTarget "Chorely" */;
			buildPhases = (
				EA788F462EB2DA110005E1E3 /* Sources */,
				EA788F472EB2DA110005E1E3 /* Frameworks */,
				EA788F482EB2DA110005E1E3 /* Resources */,
			);
			buildRules = (
			);
			dependencies = (
			);
			fileSystemSynchronizedGroups = (
				EA788F4C2EB2DA110005E1E3 /* Chorely */,
			);
			name = Chorely;
			packageProductDependencies = (
				060EA0002EB5C32B0058935C /* FirebaseAnalytics */,
				060EA0022EB5C32B0058935C /* FirebaseAuth */,
				060EA0042EB5C32B0058935C /* FirebaseCore */,
				060EA0062EB5C32B0058935C /* FirebaseDatabase */,
				060EA0082EB5C32B0058935C /* FirebaseFirestore */,
				060EA00A2EB5C32B0058935C /* FirebaseMessaging */,
			);
			productName = Chorely;
			productReference = EA788F4A2EB2DA110005E1E3 /* Chorely.app */;
			productType = "com.apple.product-type.application";
		};
		EA788F562EB2DA120005E1E3 /* ChorelyTests */ = {
			isa = PBXNativeTarget;
			buildConfigurationList = EA788F6E2EB2DA120005E1E3 /* Build configuration list for PBXNativeTarget "ChorelyTests" */;
			buildPhases = (
				EA788F532EB2DA120005E1E3 /* Sources */,
				EA788F542EB2DA120005E1E3 /* Frameworks */,
				EA788F552EB2DA120005E1E3 /* Resources */,
			);
			buildRules = (
			);
			dependencies = (
				EA788F592EB2DA120005E1E3 /* PBXTargetDependency */,
			);
			fileSystemSynchronizedGroups = (
				EA788F5A2EB2DA120005E1E3 /* ChorelyTests */,
			);
			name = ChorelyTests;
			packageProductDependencies = (
			);
			productName = ChorelyTests;
			productReference = EA788F572EB2DA120005E1E3 /* ChorelyTests.xctest */;
			productType = "com.apple.product-type.bundle.unit-test";
		};
		EA788F602EB2DA120005E1E3 /* ChorelyUITests */ = {
			isa = PBXNativeTarget;
			buildConfigurationList = EA788F712EB2DA120005E1E3 /* Build configuration list for PBXNativeTarget "ChorelyUITests" */;
			buildPhases = (
				EA788F5D2EB2DA120005E1E3 /* Sources */,
				EA788F5E2EB2DA120005E1E3 /* Frameworks */,
				EA788F5F2EB2DA120005E1E3 /* Resources */,
			);
			buildRules = (
			);
			dependencies = (
				EA788F632EB2DA120005E1E3 /* PBXTargetDependency */,
			);
			fileSystemSynchronizedGroups = (
				EA788F642EB2DA120005E1E3 /* ChorelyUITests */,
			);
			name = ChorelyUITests;
			packageProductDependencies = (
			);
			productName = ChorelyUITests;
			productReference = EA788F612EB2DA120005E1E3 /* ChorelyUITests.xctest */;
			productType = "com.apple.product-type.bundle.ui-testing";
		};
/* End PBXNativeTarget section */

/* Begin PBXProject section */
		EA788F422EB2DA110005E1E3 /* Project object */ = {
			isa = PBXProject;
			attributes = {
				BuildIndependentTargetsInParallel = 1;
				LastSwiftUpdateCheck = 1640;
				LastUpgradeCheck = 1640;
				TargetAttributes = {
					EA788F492EB2DA110005E1E3 = {
						CreatedOnToolsVersion = 16.4;
					};
					EA788F562EB2DA120005E1E3 = {
						CreatedOnToolsVersion = 16.4;
						TestTargetID = EA788F492EB2DA110005E1E3;
					};
					EA788F602EB2DA120005E1E3 = {
						CreatedOnToolsVersion = 16.4;
						TestTargetID = EA788F492EB2DA110005E1E3;
					};
				};
			};
			buildConfigurationList = EA788F452EB2DA110005E1E3 /* Build configuration list for PBXProject "Chorely" */;
			developmentRegion = en;
			hasScannedForEncodings = 0;
			knownRegions = (
				en,
				Base,
			);
			mainGroup = EA788F412EB2DA110005E1E3;
			minimizedProjectReferenceProxies = 1;
			packageReferences = (
				060E9FFF2EB5C32B0058935C /* XCRemoteSwiftPackageReference "firebase-ios-sdk" */,
			);
			preferredProjectObjectVersion = 77;
			productRefGroup = EA788F4B2EB2DA110005E1E3 /* Products */;
			projectDirPath = "";
			projectRoot = "";
			targets = (
				EA788F492EB2DA110005E1E3 /* Chorely */,
				EA788F562EB2DA120005E1E3 /* ChorelyTests */,
				EA788F602EB2DA120005E1E3 /* ChorelyUITests */,
			);
		};
/* End PBXProject section */

/* Begin PBXResourcesBuildPhase section */
		EA788F482EB2DA110005E1E3 /* Resources */ = {
			isa = PBXResourcesBuildPhase;
			buildActionMask = 2147483647;
			files = (
			);
			runOnlyForDeploymentPostprocessing = 0;
		};
		EA788F552EB2DA120005E1E3 /* Resources */ = {
			isa = PBXResourcesBuildPhase;
			buildActionMask = 2147483647;
			files = (
			);
			runOnlyForDeploymentPostprocessing = 0;
		};
		EA788F5F2EB2DA120005E1E3 /* Resources */ = {
			isa = PBXResourcesBuildPhase;
			buildActionMask = 2147483647;
			files = (
			);
			runOnlyForDeploymentPostprocessing = 0;
		};
/* End PBXResourcesBuildPhase section */

/* Begin PBXSourcesBuildPhase section */
		EA788F462EB2DA110005E1E3 /* Sources */ = {
			isa = PBXSourcesBuildPhase;
			buildActionMask = 2147483647;
			files = (
			);
			runOnlyForDeploymentPostprocessing = 0;
		};
		EA788F532EB2DA120005E1E3 /* Sources */ = {
			isa = PBXSourcesBuildPhase;
			buildActionMask = 2147483647;
			files = (
			);
			runOnlyForDeploymentPostprocessing = 0;
		};
		EA788F5D2EB2DA120005E1E3 /* Sources */ = {
			isa = PBXSourcesBuildPhase;
			buildActionMask = 2147483647;
			files = (
			);
			runOnlyForDeploymentPostprocessing = 0;
		};
/* End PBXSourcesBuildPhase section */

/* Begin PBXTargetDependency section */
		EA788F592EB2DA120005E1E3 /* PBXTargetDependency */ = {
			isa = PBXTargetDependency;
			target = EA788F492EB2DA110005E1E3 /* Chorely */;
			targetProxy = EA788F582EB2DA120005E1E3 /* PBXContainerItemProxy */;
		};
		EA788F632EB2DA120005E1E3 /* PBXTargetDependency */ = {
			isa = PBXTargetDependency;
			target = EA788F492EB2DA110005E1E3 /* Chorely */;
			targetProxy = EA788F622EB2DA120005E1E3 /* PBXContainerItemProxy */;
		};
/* End PBXTargetDependency section */

/* Begin XCBuildConfiguration section */
		EA788F692EB2DA120005E1E3 /* Debug */ = {
			isa = XCBuildConfiguration;
			buildSettings = {
				ALWAYS_SEARCH_USER_PATHS = NO;
				ASSETCATALOG_COMPILER_GENERATE_SWIFT_ASSET_SYMBOL_EXTENSIONS = YES;
				CLANG_ANALYZER_NONNULL = YES;
				CLANG_ANALYZER_NUMBER_OBJECT_CONVERSION = YES_AGGRESSIVE;
				CLANG_CXX_LANGUAGE_STANDARD = "gnu++20";
				CLANG_ENABLE_MODULES = YES;
				CLANG_ENABLE_OBJC_ARC = YES;
				CLANG_ENABLE_OBJC_WEAK = YES;
				CLANG_WARN_BLOCK_CAPTURE_AUTORELEASING = YES;
				CLANG_WARN_BOOL_CONVERSION = YES;
				CLANG_WARN_COMMA = YES;
				CLANG_WARN_CONSTANT_CONVERSION = YES;
				CLANG_WARN_DEPRECATED_OBJC_IMPLEMENTATIONS = YES;
				CLANG_WARN_DIRECT_OBJC_ISA_USAGE = YES_ERROR;
				CLANG_WARN_DOCUMENTATION_COMMENTS = YES;
				CLANG_WARN_EMPTY_BODY = YES;
				CLANG_WARN_ENUM_CONVERSION = YES;
				CLANG_WARN_INFINITE_RECURSION = YES;
				CLANG_WARN_INT_CONVERSION = YES;
				CLANG_WARN_NON_LITERAL_NULL_CONVERSION = YES;
				CLANG_WARN_OBJC_IMPLICIT_RETAIN_SELF = YES;
				CLANG_WARN_OBJC_LITERAL_CONVERSION = YES;
				CLANG_WARN_OBJC_ROOT_CLASS = YES_ERROR;
				CLANG_WARN_QUOTED_INCLUDE_IN_FRAMEWORK_HEADER = YES;
				CLANG_WARN_RANGE_LOOP_ANALYSIS = YES;
				CLANG_WARN_STRICT_PROTOTYPES = YES;
				CLANG_WARN_SUSPICIOUS_MOVE = YES;
				CLANG_WARN_UNGUARDED_AVAILABILITY = YES_AGGRESSIVE;
				CLANG_WARN_UNREACHABLE_CODE = YES;
				CLANG_WARN__DUPLICATE_METHOD_MATCH = YES;
				COPY_PHASE_STRIP = NO;
				DEBUG_INFORMATION_FORMAT = dwarf;
				DEVELOPMENT_TEAM = PTPCD2AZG3;
				ENABLE_STRICT_OBJC_MSGSEND = YES;
				ENABLE_TESTABILITY = YES;
				ENABLE_USER_SCRIPT_SANDBOXING = YES;
				GCC_C_LANGUAGE_STANDARD = gnu17;
				GCC_DYNAMIC_NO_PIC = NO;
				GCC_NO_COMMON_BLOCKS = YES;
				GCC_OPTIMIZATION_LEVEL = 0;
				GCC_PREPROCESSOR_DEFINITIONS = (
					"DEBUG=1",
					"$(inherited)",
				);
				GCC_WARN_64_TO_32_BIT_CONVERSION = YES;
				GCC_WARN_ABOUT_RETURN_TYPE = YES_ERROR;
				GCC_WARN_UNDECLARED_SELECTOR = YES;
				GCC_WARN_UNINITIALIZED_AUTOS = YES_AGGRESSIVE;
				GCC_WARN_UNUSED_FUNCTION = YES;
				GCC_WARN_UNUSED_VARIABLE = YES;
				IPHONEOS_DEPLOYMENT_TARGET = 18.5;
				LOCALIZATION_PREFERS_STRING_CATALOGS = YES;
				MTL_ENABLE_DEBUG_INFO = INCLUDE_SOURCE;
				MTL_FAST_MATH = YES;
				ONLY_ACTIVE_ARCH = YES;
				SDKROOT = iphoneos;
				SWIFT_ACTIVE_COMPILATION_CONDITIONS = "DEBUG $(inherited)";
				SWIFT_OPTIMIZATION_LEVEL = "-Onone";
			};
			name = Debug;
		};
		EA788F6A2EB2DA120005E1E3 /* Release */ = {
			isa = XCBuildConfiguration;
			buildSettings = {
				ALWAYS_SEARCH_USER_PATHS = NO;
				ASSETCATALOG_COMPILER_GENERATE_SWIFT_ASSET_SYMBOL_EXTENSIONS = YES;
				CLANG_ANALYZER_NONNULL = YES;
				CLANG_ANALYZER_NUMBER_OBJECT_CONVERSION = YES_AGGRESSIVE;
				CLANG_CXX_LANGUAGE_STANDARD = "gnu++20";
				CLANG_ENABLE_MODULES = YES;
				CLANG_ENABLE_OBJC_ARC = YES;
				CLANG_ENABLE_OBJC_WEAK = YES;
				CLANG_WARN_BLOCK_CAPTURE_AUTORELEASING = YES;
				CLANG_WARN_BOOL_CONVERSION = YES;
				CLANG_WARN_COMMA = YES;
				CLANG_WARN_CONSTANT_CONVERSION = YES;
				CLANG_WARN_DEPRECATED_OBJC_IMPLEMENTATIONS = YES;
				CLANG_WARN_DIRECT_OBJC_ISA_USAGE = YES_ERROR;
				CLANG_WARN_DOCUMENTATION_COMMENTS = YES;
				CLANG_WARN_EMPTY_BODY = YES;
				CLANG_WARN_ENUM_CONVERSION = YES;
				CLANG_WARN_INFINITE_RECURSION = YES;
				CLANG_WARN_INT_CONVERSION = YES;
				CLANG_WARN_NON_LITERAL_NULL_CONVERSION = YES;
				CLANG_WARN_OBJC_IMPLICIT_RETAIN_SELF = YES;
				CLANG_WARN_OBJC_LITERAL_CONVERSION = YES;
				CLANG_WARN_OBJC_ROOT_CLASS = YES_ERROR;
				CLANG_WARN_QUOTED_INCLUDE_IN_FRAMEWORK_HEADER = YES;
				CLANG_WARN_RANGE_LOOP_ANALYSIS = YES;
				CLANG_WARN_STRICT_PROTOTYPES = YES;
				CLANG_WARN_SUSPICIOUS_MOVE = YES;
				CLANG_WARN_UNGUARDED_AVAILABILITY = YES_AGGRESSIVE;
				CLANG_WARN_UNREACHABLE_CODE = YES;
				CLANG_WARN__DUPLICATE_METHOD_MATCH = YES;
				COPY_PHASE_STRIP = NO;
				DEBUG_INFORMATION_FORMAT = "dwarf-with-dsym";
				DEVELOPMENT_TEAM = PTPCD2AZG3;
				ENABLE_NS_ASSERTIONS = NO;
				ENABLE_STRICT_OBJC_MSGSEND = YES;
				ENABLE_USER_SCRIPT_SANDBOXING = YES;
				GCC_C_LANGUAGE_STANDARD = gnu17;
				GCC_NO_COMMON_BLOCKS = YES;
				GCC_WARN_64_TO_32_BIT_CONVERSION = YES;
				GCC_WARN_ABOUT_RETURN_TYPE = YES_ERROR;
				GCC_WARN_UNDECLARED_SELECTOR = YES;
				GCC_WARN_UNINITIALIZED_AUTOS = YES_AGGRESSIVE;
				GCC_WARN_UNUSED_FUNCTION = YES;
				GCC_WARN_UNUSED_VARIABLE = YES;
				IPHONEOS_DEPLOYMENT_TARGET = 18.5;
				LOCALIZATION_PREFERS_STRING_CATALOGS = YES;
				MTL_ENABLE_DEBUG_INFO = NO;
				MTL_FAST_MATH = YES;
				SDKROOT = iphoneos;
				SWIFT_COMPILATION_MODE = wholemodule;
				VALIDATE_PRODUCT = YES;
			};
			name = Release;
		};
		EA788F6C2EB2DA120005E1E3 /* Debug */ = {
			isa = XCBuildConfiguration;
			buildSettings = {
				ASSETCATALOG_COMPILER_APPICON_NAME = AppIcon;
				ASSETCATALOG_COMPILER_GLOBAL_ACCENT_COLOR_NAME = AccentColor;
				CODE_SIGN_STYLE = Automatic;
				CURRENT_PROJECT_VERSION = 1;
				DEVELOPMENT_TEAM = 2FDN5Q4PRM;
				ENABLE_PREVIEWS = YES;
				GENERATE_INFOPLIST_FILE = YES;
				INFOPLIST_KEY_UIApplicationSceneManifest_Generation = YES;
				INFOPLIST_KEY_UIApplicationSupportsIndirectInputEvents = YES;
				INFOPLIST_KEY_UILaunchScreen_Generation = YES;
				INFOPLIST_KEY_UISupportedInterfaceOrientations_iPad = "UIInterfaceOrientationPortrait UIInterfaceOrientationPortraitUpsideDown UIInterfaceOrientationLandscapeLeft UIInterfaceOrientationLandscapeRight";
				INFOPLIST_KEY_UISupportedInterfaceOrientations_iPhone = "UIInterfaceOrientationPortrait UIInterfaceOrientationLandscapeLeft UIInterfaceOrientationLandscapeRight";
				LD_RUNPATH_SEARCH_PATHS = (
					"$(inherited)",
					"@executable_path/Frameworks",
				);
				MARKETING_VERSION = 1.0;
				PRODUCT_BUNDLE_IDENTIFIER = com.miloguan.chorelyapp;
				PRODUCT_NAME = "$(TARGET_NAME)";
				SWIFT_EMIT_LOC_STRINGS = YES;
				SWIFT_VERSION = 5.0;
				TARGETED_DEVICE_FAMILY = "1,2";
			};
			name = Debug;
		};
		EA788F6D2EB2DA120005E1E3 /* Release */ = {
			isa = XCBuildConfiguration;
			buildSettings = {
				ASSETCATALOG_COMPILER_APPICON_NAME = AppIcon;
				ASSETCATALOG_COMPILER_GLOBAL_ACCENT_COLOR_NAME = AccentColor;
				CODE_SIGN_STYLE = Automatic;
				CURRENT_PROJECT_VERSION = 1;
				DEVELOPMENT_TEAM = 2FDN5Q4PRM;
				ENABLE_PREVIEWS = YES;
				GENERATE_INFOPLIST_FILE = YES;
				INFOPLIST_KEY_UIApplicationSceneManifest_Generation = YES;
				INFOPLIST_KEY_UIApplicationSupportsIndirectInputEvents = YES;
				INFOPLIST_KEY_UILaunchScreen_Generation = YES;
				INFOPLIST_KEY_UISupportedInterfaceOrientations_iPad = "UIInterfaceOrientationPortrait UIInterfaceOrientationPortraitUpsideDown UIInterfaceOrientationLandscapeLeft UIInterfaceOrientationLandscapeRight";
				INFOPLIST_KEY_UISupportedInterfaceOrientations_iPhone = "UIInterfaceOrientationPortrait UIInterfaceOrientationLandscapeLeft UIInterfaceOrientationLandscapeRight";
				LD_RUNPATH_SEARCH_PATHS = (
					"$(inherited)",
					"@executable_path/Frameworks",
				);
				MARKETING_VERSION = 1.0;
				PRODUCT_BUNDLE_IDENTIFIER = com.miloguan.chorelyapp;
				PRODUCT_NAME = "$(TARGET_NAME)";
				SWIFT_EMIT_LOC_STRINGS = YES;
				SWIFT_VERSION = 5.0;
				TARGETED_DEVICE_FAMILY = "1,2";
			};
			name = Release;
		};
		EA788F6F2EB2DA120005E1E3 /* Debug */ = {
			isa = XCBuildConfiguration;
			buildSettings = {
				BUNDLE_LOADER = "$(TEST_HOST)";
				CODE_SIGN_STYLE = Automatic;
				CURRENT_PROJECT_VERSION = 1;
				DEVELOPMENT_TEAM = PTPCD2AZG3;
				GENERATE_INFOPLIST_FILE = YES;
				IPHONEOS_DEPLOYMENT_TARGET = 18.5;
				MARKETING_VERSION = 1.0;
				PRODUCT_BUNDLE_IDENTIFIER = com.miloguan.ChorelyTests;
				PRODUCT_NAME = "$(TARGET_NAME)";
				SWIFT_EMIT_LOC_STRINGS = NO;
				SWIFT_VERSION = 5.0;
				TARGETED_DEVICE_FAMILY = "1,2";
				TEST_HOST = "$(BUILT_PRODUCTS_DIR)/Chorely.app/$(BUNDLE_EXECUTABLE_FOLDER_PATH)/Chorely";
			};
			name = Debug;
		};
		EA788F702EB2DA120005E1E3 /* Release */ = {
			isa = XCBuildConfiguration;
			buildSettings = {
				BUNDLE_LOADER = "$(TEST_HOST)";
				CODE_SIGN_STYLE = Automatic;
				CURRENT_PROJECT_VERSION = 1;
				DEVELOPMENT_TEAM = PTPCD2AZG3;
				GENERATE_INFOPLIST_FILE = YES;
				IPHONEOS_DEPLOYMENT_TARGET = 18.5;
				MARKETING_VERSION = 1.0;
				PRODUCT_BUNDLE_IDENTIFIER = com.miloguan.ChorelyTests;
				PRODUCT_NAME = "$(TARGET_NAME)";
				SWIFT_EMIT_LOC_STRINGS = NO;
				SWIFT_VERSION = 5.0;
				TARGETED_DEVICE_FAMILY = "1,2";
				TEST_HOST = "$(BUILT_PRODUCTS_DIR)/Chorely.app/$(BUNDLE_EXECUTABLE_FOLDER_PATH)/Chorely";
			};
			name = Release;
		};
		EA788F722EB2DA120005E1E3 /* Debug */ = {
			isa = XCBuildConfiguration;
			buildSettings = {
				CODE_SIGN_STYLE = Automatic;
				CURRENT_PROJECT_VERSION = 1;
				DEVELOPMENT_TEAM = PTPCD2AZG3;
				GENERATE_INFOPLIST_FILE = YES;
				MARKETING_VERSION = 1.0;
				PRODUCT_BUNDLE_IDENTIFIER = com.miloguan.ChorelyUITests;
				PRODUCT_NAME = "$(TARGET_NAME)";
				SWIFT_EMIT_LOC_STRINGS = NO;
				SWIFT_VERSION = 5.0;
				TARGETED_DEVICE_FAMILY = "1,2";
				TEST_TARGET_NAME = Chorely;
			};
			name = Debug;
		};
		EA788F732EB2DA120005E1E3 /* Release */ = {
			isa = XCBuildConfiguration;
			buildSettings = {
				CODE_SIGN_STYLE = Automatic;
				CURRENT_PROJECT_VERSION = 1;
				DEVELOPMENT_TEAM = PTPCD2AZG3;
				GENERATE_INFOPLIST_FILE = YES;
				MARKETING_VERSION = 1.0;
				PRODUCT_BUNDLE_IDENTIFIER = com.miloguan.ChorelyUITests;
				PRODUCT_NAME = "$(TARGET_NAME)";
				SWIFT_EMIT_LOC_STRINGS = NO;
				SWIFT_VERSION = 5.0;
				TARGETED_DEVICE_FAMILY = "1,2";
				TEST_TARGET_NAME = Chorely;
			};
			name = Release;
		};
/* End XCBuildConfiguration section */

/* Begin XCConfigurationList section */
		EA788F452EB2DA110005E1E3 /* Build configuration list for PBXProject "Chorely" */ = {
			isa = XCConfigurationList;
			buildConfigurations = (
				EA788F692EB2DA120005E1E3 /* Debug */,
				EA788F6A2EB2DA120005E1E3 /* Release */,
			);
			defaultConfigurationIsVisible = 0;
			defaultConfigurationName = Release;
		};
		EA788F6B2EB2DA120005E1E3 /* Build configuration list for PBXNativeTarget "Chorely" */ = {
			isa = XCConfigurationList;
			buildConfigurations = (
				EA788F6C2EB2DA120005E1E3 /* Debug */,
				EA788F6D2EB2DA120005E1E3 /* Release */,
			);
			defaultConfigurationIsVisible = 0;
			defaultConfigurationName = Release;
		};
		EA788F6E2EB2DA120005E1E3 /* Build configuration list for PBXNativeTarget "ChorelyTests" */ = {
			isa = XCConfigurationList;
			buildConfigurations = (
				EA788F6F2EB2DA120005E1E3 /* Debug */,
				EA788F702EB2DA120005E1E3 /* Release */,
			);
			defaultConfigurationIsVisible = 0;
			defaultConfigurationName = Release;
		};
		EA788F712EB2DA120005E1E3 /* Build configuration list for PBXNativeTarget "ChorelyUITests" */ = {
			isa = XCConfigurationList;
			buildConfigurations = (
				EA788F722EB2DA120005E1E3 /* Debug */,
				EA788F732EB2DA120005E1E3 /* Release */,
			);
			defaultConfigurationIsVisible = 0;
			defaultConfigurationName = Release;
		};
/* End XCConfigurationList section */

/* Begin XCRemoteSwiftPackageReference section */
		060E9FFF2EB5C32B0058935C /* XCRemoteSwiftPackageReference "firebase-ios-sdk" */ = {
			isa = XCRemoteSwiftPackageReference;
			repositoryURL = "https://github.com/firebase/firebase-ios-sdk";
			requirement = {
				kind = upToNextMajorVersion;
				minimumVersion = 12.5.0;
			};
		};
/* End XCRemoteSwiftPackageReference section */

/* Begin XCSwiftPackageProductDependency section */
		060EA0002EB5C32B0058935C /* FirebaseAnalytics */ = {
			isa = XCSwiftPackageProductDependency;
			package = 060E9FFF2EB5C32B0058935C /* XCRemoteSwiftPackageReference "firebase-ios-sdk" */;
			productName = FirebaseAnalytics;
		};
		060EA0022EB5C32B0058935C /* FirebaseAuth */ = {
			isa = XCSwiftPackageProductDependency;
			package = 060E9FFF2EB5C32B0058935C /* XCRemoteSwiftPackageReference "firebase-ios-sdk" */;
			productName = FirebaseAuth;
		};
		060EA0042EB5C32B0058935C /* FirebaseCore */ = {
			isa = XCSwiftPackageProductDependency;
			package = 060E9FFF2EB5C32B0058935C /* XCRemoteSwiftPackageReference "firebase-ios-sdk" */;
			productName = FirebaseCore;
		};
		060EA0062EB5C32B0058935C /* FirebaseDatabase */ = {
			isa = XCSwiftPackageProductDependency;
			package = 060E9FFF2EB5C32B0058935C /* XCRemoteSwiftPackageReference "firebase-ios-sdk" */;
			productName = FirebaseDatabase;
		};
		060EA0082EB5C32B0058935C /* FirebaseFirestore */ = {
			isa = XCSwiftPackageProductDependency;
			package = 060E9FFF2EB5C32B0058935C /* XCRemoteSwiftPackageReference "firebase-ios-sdk" */;
			productName = FirebaseFirestore;
		};
		060EA00A2EB5C32B0058935C /* FirebaseMessaging */ = {
			isa = XCSwiftPackageProductDependency;
			package = 060E9FFF2EB5C32B0058935C /* XCRemoteSwiftPackageReference "firebase-ios-sdk" */;
			productName = FirebaseMessaging;
		};
/* End XCSwiftPackageProductDependency section */
	};
	rootObject = EA788F422EB2DA110005E1E3 /* Project object */;
}
